
Microsoft Visual Studio Solution File, Format Version 12.00
# Visual Studio Version 17
VisualStudioVersion = 17.0.32014.148
MinimumVisualStudioVersion = 10.0.40219.1
Project("{9A19103F-16F7-4668-BE54-9A1E7A4F7556}") = "Library.Core", "Library.Core\Library.Core.csproj", "{87945DAF-D9E2-47D7-8009-F34FCB654AE4}"
EndProject
Project("{9A19103F-16F7-4668-BE54-9A1E7A4F7556}") = "Library.Infrastructure", "Library.Infrastructure\Library.Infrastructure.csproj", "{2D695F6C-324E-406C-B4A7-C12942D66634}"
EndProject
Project("{9A19103F-16F7-4668-BE54-9A1E7A4F7556}") = "Library.WebAPI", "Library.WebAPI\Library.WebAPI.csproj", "{AC5287DE-EF44-46A9-83A8-0BA69B87372A}"
EndProject
Project("{9A19103F-16F7-4668-BE54-9A1E7A4F7556}") = "Library.WebApp", "Library.WebApp\Library.WebApp.csproj", "{FFBAD4D4-F733-4AA8-B372-A78845C11303}"
EndProject
Project("{FAE04EC0-301F-11D3-BF4B-00C04F79EFBC}") = "Library.Test", "Library.Test\Library.Test.csproj", "{7B280FAA-2706-452E-8EC1-B2254C76550E}"
EndProject
Global
	GlobalSection(SolutionConfigurationPlatforms) = preSolution
		Debug|Any CPU = Debug|Any CPU
		Release|Any CPU = Release|Any CPU
	EndGlobalSection
	GlobalSection(ProjectConfigurationPlatforms) = postSolution
		{87945DAF-D9E2-47D7-8009-F34FCB654AE4}.Debug|Any CPU.ActiveCfg = Debug|Any CPU
		{87945DAF-D9E2-47D7-8009-F34FCB654AE4}.Debug|Any CPU.Build.0 = Debug|Any CPU
		{87945DAF-D9E2-47D7-8009-F34FCB654AE4}.Release|Any CPU.ActiveCfg = Release|Any CPU
		{87945DAF-D9E2-47D7-8009-F34FCB654AE4}.Release|Any CPU.Build.0 = Release|Any CPU
		{2D695F6C-324E-406C-B4A7-C12942D66634}.Debug|Any CPU.ActiveCfg = Debug|Any CPU
		{2D695F6C-324E-406C-B4A7-C12942D66634}.Debug|Any CPU.Build.0 = Debug|Any CPU
		{2D695F6C-324E-406C-B4A7-C12942D66634}.Release|Any CPU.ActiveCfg = Release|Any CPU
		{2D695F6C-324E-406C-B4A7-C12942D66634}.Release|Any CPU.Build.0 = Release|Any CPU
		{AC5287DE-EF44-46A9-83A8-0BA69B87372A}.Debug|Any CPU.ActiveCfg = Debug|Any CPU
		{AC5287DE-EF44-46A9-83A8-0BA69B87372A}.Debug|Any CPU.Build.0 = Debug|Any CPU
		{AC5287DE-EF44-46A9-83A8-0BA69B87372A}.Release|Any CPU.ActiveCfg = Release|Any CPU
		{AC5287DE-EF44-46A9-83A8-0BA69B87372A}.Release|Any CPU.Build.0 = Release|Any CPU
		{FFBAD4D4-F733-4AA8-B372-A78845C11303}.Debug|Any CPU.ActiveCfg = Debug|Any CPU
		{FFBAD4D4-F733-4AA8-B372-A78845C11303}.Debug|Any CPU.Build.0 = Debug|Any CPU
		{FFBAD4D4-F733-4AA8-B372-A78845C11303}.Release|Any CPU.ActiveCfg = Release|Any CPU
		{FFBAD4D4-F733-4AA8-B372-A78845C11303}.Release|Any CPU.Build.0 = Release|Any CPU
		{7B280FAA-2706-452E-8EC1-B2254C76550E}.Debug|Any CPU.ActiveCfg = Debug|Any CPU
		{7B280FAA-2706-452E-8EC1-B2254C76550E}.Debug|Any CPU.Build.0 = Debug|Any CPU
		{7B280FAA-2706-452E-8EC1-B2254C76550E}.Release|Any CPU.ActiveCfg = Release|Any CPU
		{7B280FAA-2706-452E-8EC1-B2254C76550E}.Release|Any CPU.Build.0 = Release|Any CPU
	EndGlobalSection
	GlobalSection(SolutionProperties) = preSolution
		HideSolutionNode = FALSE
	EndGlobalSection
	GlobalSection(ExtensibilityGlobals) = postSolution
		SolutionGuid = {C68269C9-278D-41BE-A4F6-9C253BCAB4F2}
	EndGlobalSection
EndGlobal
